
Microsoft Visual Studio Solution File, Format Version 12.00
# Visual Studio Version 17
VisualStudioVersion = 17.0.31903.59
MinimumVisualStudioVersion = 10.0.40219.1
Project("{2150E333-8FDC-42A3-9474-1A3956D46DE8}") = "tests", "tests", "{0AB3BF05-4346-4AA6-1389-037BE0695223}"
EndProject
Project("{FAE04EC0-301F-11D3-BF4B-00C04F79EFBC}") = "SV5T.UnitTests", "tests\SV5T.UnitTests\SV5T.UnitTests.csproj", "{E8017401-968C-41AF-AFD3-D226286B9D0D}"
EndProject
Project("{2150E333-8FDC-42A3-9474-1A3956D46DE8}") = "api", "api", "{D82C56D6-B2CD-F611-9E31-04638F7EC30E}"
EndProject
Project("{2150E333-8FDC-42A3-9474-1A3956D46DE8}") = "Domain", "Domain", "{011FB15E-3ABE-0B20-9A26-A8CC99BE6619}"
EndProject
Project("{FAE04EC0-301F-11D3-BF4B-00C04F79EFBC}") = "SV5T.Domain", "api\Domain\SV5T.Domain.csproj", "{5B574514-FA14-4031-B094-28E0C10722F1}"
EndProject
Project("{2150E333-8FDC-42A3-9474-1A3956D46DE8}") = "Application", "Application", "{D96A759C-03F7-0DEC-29D3-013D81C47E55}"
EndProject
Project("{FAE04EC0-301F-11D3-BF4B-00C04F79EFBC}") = "SV5T.Application", "api\Application\SV5T.Application.csproj", "{44FF3061-7394-42AE-A6BD-FFEE2C7DA7E0}"
EndProject
Project("{2150E333-8FDC-42A3-9474-1A3956D46DE8}") = "Infrastructure", "Infrastructure", "{954B7F08-7898-6CD7-581B-978433F317D5}"
EndProject
Project("{FAE04EC0-301F-11D3-BF4B-00C04F79EFBC}") = "SV5T.Infrastructure", "api\Infrastructure\SV5T.Infrastructure.csproj", "{63656985-A2A5-4B5D-85AE-93CE9EAF869D}"
EndProject
Global
	GlobalSection(SolutionConfigurationPlatforms) = preSolution
		Debug|Any CPU = Debug|Any CPU
		Debug|x64 = Debug|x64
		Debug|x86 = Debug|x86
		Release|Any CPU = Release|Any CPU
		Release|x64 = Release|x64
		Release|x86 = Release|x86
	EndGlobalSection
	GlobalSection(ProjectConfigurationPlatforms) = postSolution
		{E8017401-968C-41AF-AFD3-D226286B9D0D}.Debug|Any CPU.ActiveCfg = Debug|Any CPU
		{E8017401-968C-41AF-AFD3-D226286B9D0D}.Debug|Any CPU.Build.0 = Debug|Any CPU
		{E8017401-968C-41AF-AFD3-D226286B9D0D}.Debug|x64.ActiveCfg = Debug|Any CPU
		{E8017401-968C-41AF-AFD3-D226286B9D0D}.Debug|x64.Build.0 = Debug|Any CPU
		{E8017401-968C-41AF-AFD3-D226286B9D0D}.Debug|x86.ActiveCfg = Debug|Any CPU
		{E8017401-968C-41AF-AFD3-D226286B9D0D}.Debug|x86.Build.0 = Debug|Any CPU
		{E8017401-968C-41AF-AFD3-D226286B9D0D}.Release|Any CPU.ActiveCfg = Release|Any CPU
		{E8017401-968C-41AF-AFD3-D226286B9D0D}.Release|Any CPU.Build.0 = Release|Any CPU
		{E8017401-968C-41AF-AFD3-D226286B9D0D}.Release|x64.ActiveCfg = Release|Any CPU
		{E8017401-968C-41AF-AFD3-D226286B9D0D}.Release|x64.Build.0 = Release|Any CPU
		{E8017401-968C-41AF-AFD3-D226286B9D0D}.Release|x86.ActiveCfg = Release|Any CPU
		{E8017401-968C-41AF-AFD3-D226286B9D0D}.Release|x86.Build.0 = Release|Any CPU
		{5B574514-FA14-4031-B094-28E0C10722F1}.Debug|Any CPU.ActiveCfg = Debug|Any CPU
		{5B574514-FA14-4031-B094-28E0C10722F1}.Debug|Any CPU.Build.0 = Debug|Any CPU
		{5B574514-FA14-4031-B094-28E0C10722F1}.Debug|x64.ActiveCfg = Debug|Any CPU
		{5B574514-FA14-4031-B094-28E0C10722F1}.Debug|x64.Build.0 = Debug|Any CPU
		{5B574514-FA14-4031-B094-28E0C10722F1}.Debug|x86.ActiveCfg = Debug|Any CPU
		{5B574514-FA14-4031-B094-28E0C10722F1}.Debug|x86.Build.0 = Debug|Any CPU
		{5B574514-FA14-4031-B094-28E0C10722F1}.Release|Any CPU.ActiveCfg = Release|Any CPU
		{5B574514-FA14-4031-B094-28E0C10722F1}.Release|Any CPU.Build.0 = Release|Any CPU
		{5B574514-FA14-4031-B094-28E0C10722F1}.Release|x64.ActiveCfg = Release|Any CPU
		{5B574514-FA14-4031-B094-28E0C10722F1}.Release|x64.Build.0 = Release|Any CPU
		{5B574514-FA14-4031-B094-28E0C10722F1}.Release|x86.ActiveCfg = Release|Any CPU
		{5B574514-FA14-4031-B094-28E0C10722F1}.Release|x86.Build.0 = Release|Any CPU
		{44FF3061-7394-42AE-A6BD-FFEE2C7DA7E0}.Debug|Any CPU.ActiveCfg = Debug|Any CPU
		{44FF3061-7394-42AE-A6BD-FFEE2C7DA7E0}.Debug|Any CPU.Build.0 = Debug|Any CPU
		{44FF3061-7394-42AE-A6BD-FFEE2C7DA7E0}.Debug|x64.ActiveCfg = Debug|Any CPU
		{44FF3061-7394-42AE-A6BD-FFEE2C7DA7E0}.Debug|x64.Build.0 = Debug|Any CPU
		{44FF3061-7394-42AE-A6BD-FFEE2C7DA7E0}.Debug|x86.ActiveCfg = Debug|Any CPU
		{44FF3061-7394-42AE-A6BD-FFEE2C7DA7E0}.Debug|x86.Build.0 = Debug|Any CPU
		{44FF3061-7394-42AE-A6BD-FFEE2C7DA7E0}.Release|Any CPU.ActiveCfg = Release|Any CPU
		{44FF3061-7394-42AE-A6BD-FFEE2C7DA7E0}.Release|Any CPU.Build.0 = Release|Any CPU
		{44FF3061-7394-42AE-A6BD-FFEE2C7DA7E0}.Release|x64.ActiveCfg = Release|Any CPU
		{44FF3061-7394-42AE-A6BD-FFEE2C7DA7E0}.Release|x64.Build.0 = Release|Any CPU
		{44FF3061-7394-42AE-A6BD-FFEE2C7DA7E0}.Release|x86.ActiveCfg = Release|Any CPU
		{44FF3061-7394-42AE-A6BD-FFEE2C7DA7E0}.Release|x86.Build.0 = Release|Any CPU
		{63656985-A2A5-4B5D-85AE-93CE9EAF869D}.Debug|Any CPU.ActiveCfg = Debug|Any CPU
		{63656985-A2A5-4B5D-85AE-93CE9EAF869D}.Debug|Any CPU.Build.0 = Debug|Any CPU
		{63656985-A2A5-4B5D-85AE-93CE9EAF869D}.Debug|x64.ActiveCfg = Debug|Any CPU
		{63656985-A2A5-4B5D-85AE-93CE9EAF869D}.Debug|x64.Build.0 = Debug|Any CPU
		{63656985-A2A5-4B5D-85AE-93CE9EAF869D}.Debug|x86.ActiveCfg = Debug|Any CPU
		{63656985-A2A5-4B5D-85AE-93CE9EAF869D}.Debug|x86.Build.0 = Debug|Any CPU
		{63656985-A2A5-4B5D-85AE-93CE9EAF869D}.Release|Any CPU.ActiveCfg = Release|Any CPU
		{63656985-A2A5-4B5D-85AE-93CE9EAF869D}.Release|Any CPU.Build.0 = Release|Any CPU
		{63656985-A2A5-4B5D-85AE-93CE9EAF869D}.Release|x64.ActiveCfg = Release|Any CPU
		{63656985-A2A5-4B5D-85AE-93CE9EAF869D}.Release|x64.Build.0 = Release|Any CPU
		{63656985-A2A5-4B5D-85AE-93CE9EAF869D}.Release|x86.ActiveCfg = Release|Any CPU
		{63656985-A2A5-4B5D-85AE-93CE9EAF869D}.Release|x86.Build.0 = Release|Any CPU
	EndGlobalSection
	GlobalSection(SolutionProperties) = preSolution
		HideSolutionNode = FALSE
	EndGlobalSection
	GlobalSection(NestedProjects) = preSolution
		{E8017401-968C-41AF-AFD3-D226286B9D0D} = {0AB3BF05-4346-4AA6-1389-037BE0695223}
		{011FB15E-3ABE-0B20-9A26-A8CC99BE6619} = {D82C56D6-B2CD-F611-9E31-04638F7EC30E}
		{5B574514-FA14-4031-B094-28E0C10722F1} = {011FB15E-3ABE-0B20-9A26-A8CC99BE6619}
		{D96A759C-03F7-0DEC-29D3-013D81C47E55} = {D82C56D6-B2CD-F611-9E31-04638F7EC30E}
		{44FF3061-7394-42AE-A6BD-FFEE2C7DA7E0} = {D96A759C-03F7-0DEC-29D3-013D81C47E55}
		{954B7F08-7898-6CD7-581B-978433F317D5} = {D82C56D6-B2CD-F611-9E31-04638F7EC30E}
		{63656985-A2A5-4B5D-85AE-93CE9EAF869D} = {954B7F08-7898-6CD7-581B-978433F317D5}
	EndGlobalSection
EndGlobal
